
Microsoft Visual Studio Solution File, Format Version 12.00
# Visual Studio Version 16
VisualStudioVersion = 16.0.30804.86
MinimumVisualStudioVersion = 15.0.26124.0
Project("{9A19103F-16F7-4668-BE54-9A1E7A4F7556}") = "WorkflowHost", "WorkflowHost\WorkflowHost.csproj", "{E512FE82-DCD6-49C8-907C-096EBB4C5182}"
EndProject
Project("{FAE04EC0-301F-11D3-BF4B-00C04F79EFBC}") = "WorkflowCore", "WorkflowCore\WorkflowCore.csproj", "{605B505A-1854-4A99-81EC-F84D2FAAE4F7}"
EndProject
Project("{FAE04EC0-301F-11D3-BF4B-00C04F79EFBC}") = "WorkflowScripting", "WorkflowScripting\WorkflowScripting.csproj", "{D9058500-99FC-4DFE-A078-9831D7DC91DD}"
EndProject
Global
	GlobalSection(SolutionConfigurationPlatforms) = preSolution
		Debug|Any CPU = Debug|Any CPU
		Debug|x64 = Debug|x64
		Debug|x86 = Debug|x86
		Release|Any CPU = Release|Any CPU
		Release|x64 = Release|x64
		Release|x86 = Release|x86
	EndGlobalSection
	GlobalSection(ProjectConfigurationPlatforms) = postSolution
		{E512FE82-DCD6-49C8-907C-096EBB4C5182}.Debug|Any CPU.ActiveCfg = Debug|Any CPU
		{E512FE82-DCD6-49C8-907C-096EBB4C5182}.Debug|Any CPU.Build.0 = Debug|Any CPU
		{E512FE82-DCD6-49C8-907C-096EBB4C5182}.Debug|x64.ActiveCfg = Debug|Any CPU
		{E512FE82-DCD6-49C8-907C-096EBB4C5182}.Debug|x64.Build.0 = Debug|Any CPU
		{E512FE82-DCD6-49C8-907C-096EBB4C5182}.Debug|x86.ActiveCfg = Debug|Any CPU
		{E512FE82-DCD6-49C8-907C-096EBB4C5182}.Debug|x86.Build.0 = Debug|Any CPU
		{E512FE82-DCD6-49C8-907C-096EBB4C5182}.Release|Any CPU.ActiveCfg = Release|Any CPU
		{E512FE82-DCD6-49C8-907C-096EBB4C5182}.Release|Any CPU.Build.0 = Release|Any CPU
		{E512FE82-DCD6-49C8-907C-096EBB4C5182}.Release|x64.ActiveCfg = Release|Any CPU
		{E512FE82-DCD6-49C8-907C-096EBB4C5182}.Release|x64.Build.0 = Release|Any CPU
		{E512FE82-DCD6-49C8-907C-096EBB4C5182}.Release|x86.ActiveCfg = Release|Any CPU
		{E512FE82-DCD6-49C8-907C-096EBB4C5182}.Release|x86.Build.0 = Release|Any CPU
		{605B505A-1854-4A99-81EC-F84D2FAAE4F7}.Debug|Any CPU.ActiveCfg = Debug|Any CPU
		{605B505A-1854-4A99-81EC-F84D2FAAE4F7}.Debug|Any CPU.Build.0 = Debug|Any CPU
		{605B505A-1854-4A99-81EC-F84D2FAAE4F7}.Debug|x64.ActiveCfg = Debug|Any CPU
		{605B505A-1854-4A99-81EC-F84D2FAAE4F7}.Debug|x64.Build.0 = Debug|Any CPU
		{605B505A-1854-4A99-81EC-F84D2FAAE4F7}.Debug|x86.ActiveCfg = Debug|Any CPU
		{605B505A-1854-4A99-81EC-F84D2FAAE4F7}.Debug|x86.Build.0 = Debug|Any CPU
		{605B505A-1854-4A99-81EC-F84D2FAAE4F7}.Release|Any CPU.ActiveCfg = Release|Any CPU
		{605B505A-1854-4A99-81EC-F84D2FAAE4F7}.Release|Any CPU.Build.0 = Release|Any CPU
		{605B505A-1854-4A99-81EC-F84D2FAAE4F7}.Release|x64.ActiveCfg = Release|Any CPU
		{605B505A-1854-4A99-81EC-F84D2FAAE4F7}.Release|x64.Build.0 = Release|Any CPU
		{605B505A-1854-4A99-81EC-F84D2FAAE4F7}.Release|x86.ActiveCfg = Release|Any CPU
		{605B505A-1854-4A99-81EC-F84D2FAAE4F7}.Release|x86.Build.0 = Release|Any CPU
		{D9058500-99FC-4DFE-A078-9831D7DC91DD}.Debug|Any CPU.ActiveCfg = Debug|Any CPU
		{D9058500-99FC-4DFE-A078-9831D7DC91DD}.Debug|Any CPU.Build.0 = Debug|Any CPU
		{D9058500-99FC-4DFE-A078-9831D7DC91DD}.Debug|x64.ActiveCfg = Debug|Any CPU
		{D9058500-99FC-4DFE-A078-9831D7DC91DD}.Debug|x64.Build.0 = Debug|Any CPU
		{D9058500-99FC-4DFE-A078-9831D7DC91DD}.Debug|x86.ActiveCfg = Debug|Any CPU
		{D9058500-99FC-4DFE-A078-9831D7DC91DD}.Debug|x86.Build.0 = Debug|Any CPU
		{D9058500-99FC-4DFE-A078-9831D7DC91DD}.Release|Any CPU.ActiveCfg = Release|Any CPU
		{D9058500-99FC-4DFE-A078-9831D7DC91DD}.Release|Any CPU.Build.0 = Release|Any CPU
		{D9058500-99FC-4DFE-A078-9831D7DC91DD}.Release|x64.ActiveCfg = Release|Any CPU
		{D9058500-99FC-4DFE-A078-9831D7DC91DD}.Release|x64.Build.0 = Release|Any CPU
		{D9058500-99FC-4DFE-A078-9831D7DC91DD}.Release|x86.ActiveCfg = Release|Any CPU
		{D9058500-99FC-4DFE-A078-9831D7DC91DD}.Release|x86.Build.0 = Release|Any CPU
	EndGlobalSection
	GlobalSection(SolutionProperties) = preSolution
		HideSolutionNode = FALSE
	EndGlobalSection
	GlobalSection(ExtensibilityGlobals) = postSolution
		SolutionGuid = {A28FDF78-30F1-4EB2-A26D-88A356A12D36}
	EndGlobalSection
EndGlobal
